<Solution>
  <Folder Name="/Task0/">
    <Project Path="Tyuiu.VoytovichKA.Sprint4.Task0.V24.Lib/Tyuiu.VoytovichKA.Sprint4.Task0.V24.Lib.csproj" />
    <Project Path="Tyuiu.VoytovichKA.Sprint4.Task0.V24.Test/Tyuiu.VoytovichKA.Sprint4.Task0.V24.Test.csproj" />
    <Project Path="Tyuiu.VoytovichKA.Sprint4.Task0.V24/Tyuiu.VoytovichKA.Sprint4.Task0.V24.csproj" />
  </Folder>
  <Folder Name="/Task1/">
    <Project Path="Tyuiu.VoytovichKA.Sprint4.Task1.V29.Lib/Tyuiu.VoytovichKA.Sprint4.Task1.V29.Lib.csproj" Id="fdb92f36-bdc9-429a-91ce-a6a4cc5b114d" />
    <Project Path="Tyuiu.VoytovichKA.Sprint4.Task1.V29.Test/Tyuiu.VoytovichKA.Sprint4.Task1.V29.Test.csproj" Id="c6964fe9-665c-4b9d-ad75-3c729660ce25" />
    <Project Path="Tyuiu.VoytovichKA.Sprint4.Task1.V29/Tyuiu.VoytovichKA.Sprint4.Task1.V29.csproj" Id="23726e5c-2222-422a-bdbb-5c37926dbc23" />
  </Folder>
  <Folder Name="/Task2/">
    <Project Path="Tyuiu.VoytovichKA.Sprint4.Task2.V30.Lib/Tyuiu.VoytovichKA.Sprint4.Task2.V30.Lib.csproj" Id="7f11f901-9aa4-4192-85a2-5b2a00108b51" />
    <Project Path="Tyuiu.VoytovichKA.Sprint4.Task2.V30.Test/Tyuiu.VoytovichKA.Sprint4.Task2.V30.Test.csproj" Id="ddf87c5b-aea7-4186-ba81-4feddc0bb4c5" />
    <Project Path="Tyuiu.VoytovichKA.Sprint4.Task2.V30/Tyuiu.VoytovichKA.Sprint4.Task2.V30.csproj" Id="12a499e2-04e1-4e6d-92f0-1e703ad502ae" />
  </Folder>
  <Folder Name="/Task3/">
    <Project Path="Tyuiu.VoytovichKA.Sprint4.Task3.V14.Lib/Tyuiu.VoytovichKA.Sprint4.Task3.V14.Lib.csproj" Id="509b650d-9063-43e3-ac99-b587486ff5e2" />
    <Project Path="Tyuiu.VoytovichKA.Sprint4.Task3.V14.Test/Tyuiu.VoytovichKA.Sprint4.Task3.V14.Test.csproj" Id="cb9906c8-7b8c-432e-aa84-b5cc5850dcd6" />
    <Project Path="Tyuiu.VoytovichKA.Sprint4.Task3.V14/Tyuiu.VoytovichKA.Sprint4.Task3.V14.csproj" Id="761c49d1-7f1e-491e-b7ba-0bbb4f205978" />
  </Folder>
  <Folder Name="/Task4/">
    <Project Path="Tyuiu.VoytovichKA.Sprint4.Task4.V29.Lib/Tyuiu.VoytovichKA.Sprint4.Task4.V29.Lib.csproj" Id="8a723a95-c468-457f-8c3b-8553e4362347" />
    <Project Path="Tyuiu.VoytovichKA.Sprint4.Task4.V29.Test/Tyuiu.VoytovichKA.Sprint4.Task4.V29.Test.csproj" Id="bbee0533-0d39-488c-919f-8745ed9647f3" />
    <Project Path="Tyuiu.VoytovichKA.Sprint4.Task4.V29/Tyuiu.VoytovichKA.Sprint4.Task4.V29.csproj" Id="db414ad4-028d-4f82-877d-968e12aa2cf6" />
  </Folder>
  <Folder Name="/Task5/">
    <Project Path="Tyuiu.VoytovichKA.Sprint4.Task5.V13.Lib/Tyuiu.VoytovichKA.Sprint4.Task5.V13.Lib.csproj" Id="f6b4bf3a-5d36-4418-b42e-364b71844d62" />
    <Project Path="Tyuiu.VoytovichKA.Sprint4.Task5.V13.Test/Tyuiu.VoytovichKA.Sprint4.Task5.V13.Test.csproj" Id="b48ce270-003f-4942-8ea2-0a47045fe5f4" />
    <Project Path="Tyuiu.VoytovichKA.Sprint4.Task5.V13/Tyuiu.VoytovichKA.Sprint4.Task5.V13.csproj" Id="789636a4-17e0-46ae-95ea-5545b1c3aafa" />
  </Folder>
</Solution>
